
Microsoft Visual Studio Solution File, Format Version 12.00
# Visual Studio 15
VisualStudioVersion = 15.0.27703.2035
MinimumVisualStudioVersion = 10.0.40219.1
Project("{FAE04EC0-301F-11D3-BF4B-00C04F79EFBC}") = "Vokabelprogramm", "Vokabelprogramm\Vokabelprogramm.csproj", "{4B78F8A4-77C9-4FBD-8273-D57E4295F550}"
EndProject
Global
	GlobalSection(SolutionConfigurationPlatforms) = preSolution
		Debug|Any CPU = Debug|Any CPU
		Release|Any CPU = Release|Any CPU
	EndGlobalSection
	GlobalSection(ProjectConfigurationPlatforms) = postSolution
		{4B78F8A4-77C9-4FBD-8273-D57E4295F550}.Debug|Any CPU.ActiveCfg = Release|Any CPU
		{4B78F8A4-77C9-4FBD-8273-D57E4295F550}.Debug|Any CPU.Build.0 = Release|Any CPU
		{4B78F8A4-77C9-4FBD-8273-D57E4295F550}.Release|Any CPU.ActiveCfg = Release|Any CPU
		{4B78F8A4-77C9-4FBD-8273-D57E4295F550}.Release|Any CPU.Build.0 = Release|Any CPU
	EndGlobalSection
	GlobalSection(SolutionProperties) = preSolution
		HideSolutionNode = FALSE
	EndGlobalSection
	GlobalSection(ExtensibilityGlobals) = postSolution
		SolutionGuid = {79BBA0FC-1160-47D8-81EF-F2452BB145B9}
	EndGlobalSection
EndGlobal
